
Microsoft Visual Studio Solution File, Format Version 12.00
# Visual Studio 15
VisualStudioVersion = 15.0.27703.2042
MinimumVisualStudioVersion = 10.0.40219.1
Project("{FAE04EC0-301F-11D3-BF4B-00C04F79EFBC}") = "BlogProjMeitarBorisOrel", "BlogProjMeitarBorisOrel\BlogProjMeitarBorisOrel.csproj", "{438B8B07-00EE-43E8-8658-A569971C8BBC}"
EndProject
Global
	GlobalSection(SolutionConfigurationPlatforms) = preSolution
		Debug|Any CPU = Debug|Any CPU
		Release|Any CPU = Release|Any CPU
	EndGlobalSection
	GlobalSection(ProjectConfigurationPlatforms) = postSolution
		{438B8B07-00EE-43E8-8658-A569971C8BBC}.Debug|Any CPU.ActiveCfg = Debug|Any CPU
		{438B8B07-00EE-43E8-8658-A569971C8BBC}.Debug|Any CPU.Build.0 = Debug|Any CPU
		{438B8B07-00EE-43E8-8658-A569971C8BBC}.Release|Any CPU.ActiveCfg = Release|Any CPU
		{438B8B07-00EE-43E8-8658-A569971C8BBC}.Release|Any CPU.Build.0 = Release|Any CPU
	EndGlobalSection
	GlobalSection(SolutionProperties) = preSolution
		HideSolutionNode = FALSE
	EndGlobalSection
	GlobalSection(ExtensibilityGlobals) = postSolution
		SolutionGuid = {AC50AF1C-940F-4E95-9A76-B618ED0F754D}
	EndGlobalSection
EndGlobal
